// !$*UTF8*$!
{
	archiveVersion = 1;
	classes = {
	};
	objectVersion = 55;
	objects = {

/* Begin PBXBuildFile section */
		0609FF8928B81464006B248A /* UILabel+setupText.swift in Sources */ = {isa = PBXBuildFile; fileRef = 0609FF8828B81464006B248A /* UILabel+setupText.swift */; };
		0609FF8B28B8152E006B248A /* LabelInfo.swift in Sources */ = {isa = PBXBuildFile; fileRef = 0609FF8A28B8152E006B248A /* LabelInfo.swift */; };
		0639175C28DF8DAB00C7C8DB /* OpenScreenController.swift in Sources */ = {isa = PBXBuildFile; fileRef = 0639175B28DF8DAB00C7C8DB /* OpenScreenController.swift */; };
		0646066028BFF25300DA75AF /* ViewControllerProtocol.swift in Sources */ = {isa = PBXBuildFile; fileRef = 0646065F28BFF25300DA75AF /* ViewControllerProtocol.swift */; };
		0657896128B5765B0025244C /* AppDelegate.swift in Sources */ = {isa = PBXBuildFile; fileRef = 0657896028B5765B0025244C /* AppDelegate.swift */; };
		0657896328B5765B0025244C /* SceneDelegate.swift in Sources */ = {isa = PBXBuildFile; fileRef = 0657896228B5765B0025244C /* SceneDelegate.swift */; };
		0657896528B5765B0025244C /* ViewController.swift in Sources */ = {isa = PBXBuildFile; fileRef = 0657896428B5765B0025244C /* ViewController.swift */; };
		0657896B28B5765B0025244C /* FirstPoc.xcdatamodeld in Sources */ = {isa = PBXBuildFile; fileRef = 0657896928B5765B0025244C /* FirstPoc.xcdatamodeld */; };
		0657896D28B5765F0025244C /* Assets.xcassets in Resources */ = {isa = PBXBuildFile; fileRef = 0657896C28B5765F0025244C /* Assets.xcassets */; };
		0657897028B5765F0025244C /* LaunchScreen.storyboard in Resources */ = {isa = PBXBuildFile; fileRef = 0657896E28B5765F0025244C /* LaunchScreen.storyboard */; };
		067713BC28E4E53500C3E732 /* thisScreen.swift in Sources */ = {isa = PBXBuildFile; fileRef = 067713BB28E4E53500C3E732 /* thisScreen.swift */; };
		0681FA7D28B69F81006C3E51 /* View.swift in Sources */ = {isa = PBXBuildFile; fileRef = 0681FA7C28B69F81006C3E51 /* View.swift */; };
		0681FA7F28B6A015006C3E51 /* ViewCell.swift in Sources */ = {isa = PBXBuildFile; fileRef = 0681FA7E28B6A015006C3E51 /* ViewCell.swift */; };
		0681FA8228B6B1FA006C3E51 /* CustomViews.swift in Sources */ = {isa = PBXBuildFile; fileRef = 0681FA8128B6B1FA006C3E51 /* CustomViews.swift */; };
		06BD1C8A28CA670E00C948D6 /* UITextField+SearchBar.swift in Sources */ = {isa = PBXBuildFile; fileRef = 06BD1C8928CA670E00C948D6 /* UITextField+SearchBar.swift */; };
		06BD1C8F28CBD51A00C948D6 /* SearchbarProtocol.swift in Sources */ = {isa = PBXBuildFile; fileRef = 06BD1C8E28CBD51900C948D6 /* SearchbarProtocol.swift */; };
		06C6D1FA28BEA7F100B59681 /* NameCollectionDelegate.swift in Sources */ = {isa = PBXBuildFile; fileRef = 06C6D1F928BEA7F100B59681 /* NameCollectionDelegate.swift */; };
		06C6D1FC28BEA89700B59681 /* NameCollectionDataSource.swift in Sources */ = {isa = PBXBuildFile; fileRef = 06C6D1FB28BEA89700B59681 /* NameCollectionDataSource.swift */; };
		06EAB1E428C668F9005C2B71 /* MainTabBarController.swift in Sources */ = {isa = PBXBuildFile; fileRef = 06EAB1E328C668F9005C2B71 /* MainTabBarController.swift */; };
/* End PBXBuildFile section */

/* Begin PBXFileReference section */
		0609FF8828B81464006B248A /* UILabel+setupText.swift */ = {isa = PBXFileReference; lastKnownFileType = sourcecode.swift; path = "UILabel+setupText.swift"; sourceTree = "<group>"; };
		0609FF8A28B8152E006B248A /* LabelInfo.swift */ = {isa = PBXFileReference; lastKnownFileType = sourcecode.swift; path = LabelInfo.swift; sourceTree = "<group>"; };
		0639175B28DF8DAB00C7C8DB /* OpenScreenController.swift */ = {isa = PBXFileReference; lastKnownFileType = sourcecode.swift; path = OpenScreenController.swift; sourceTree = "<group>"; };
		0646065F28BFF25300DA75AF /* ViewControllerProtocol.swift */ = {isa = PBXFileReference; lastKnownFileType = sourcecode.swift; path = ViewControllerProtocol.swift; sourceTree = "<group>"; };
		0657895D28B5765B0025244C /* FirstPoc.app */ = {isa = PBXFileReference; explicitFileType = wrapper.application; includeInIndex = 0; path = FirstPoc.app; sourceTree = BUILT_PRODUCTS_DIR; };
		0657896028B5765B0025244C /* AppDelegate.swift */ = {isa = PBXFileReference; lastKnownFileType = sourcecode.swift; path = AppDelegate.swift; sourceTree = "<group>"; };
		0657896228B5765B0025244C /* SceneDelegate.swift */ = {isa = PBXFileReference; lastKnownFileType = sourcecode.swift; path = SceneDelegate.swift; sourceTree = "<group>"; };
		0657896428B5765B0025244C /* ViewController.swift */ = {isa = PBXFileReference; lastKnownFileType = sourcecode.swift; path = ViewController.swift; sourceTree = "<group>"; };
		0657896A28B5765B0025244C /* FirstPoc.xcdatamodel */ = {isa = PBXFileReference; lastKnownFileType = wrapper.xcdatamodel; path = FirstPoc.xcdatamodel; sourceTree = "<group>"; };
		0657896C28B5765F0025244C /* Assets.xcassets */ = {isa = PBXFileReference; lastKnownFileType = folder.assetcatalog; path = Assets.xcassets; sourceTree = "<group>"; };
		0657896F28B5765F0025244C /* Base */ = {isa = PBXFileReference; lastKnownFileType = file.storyboard; name = Base; path = Base.lproj/LaunchScreen.storyboard; sourceTree = "<group>"; };
		0657897128B5765F0025244C /* Info.plist */ = {isa = PBXFileReference; lastKnownFileType = text.plist.xml; path = Info.plist; sourceTree = "<group>"; };
		067713BB28E4E53500C3E732 /* thisScreen.swift */ = {isa = PBXFileReference; lastKnownFileType = sourcecode.swift; path = thisScreen.swift; sourceTree = "<group>"; };
		0681FA7C28B69F81006C3E51 /* View.swift */ = {isa = PBXFileReference; lastKnownFileType = sourcecode.swift; path = View.swift; sourceTree = "<group>"; };
		0681FA7E28B6A015006C3E51 /* ViewCell.swift */ = {isa = PBXFileReference; lastKnownFileType = sourcecode.swift; path = ViewCell.swift; sourceTree = "<group>"; };
		0681FA8128B6B1FA006C3E51 /* CustomViews.swift */ = {isa = PBXFileReference; lastKnownFileType = sourcecode.swift; path = CustomViews.swift; sourceTree = "<group>"; };
		06BD1C8928CA670E00C948D6 /* UITextField+SearchBar.swift */ = {isa = PBXFileReference; lastKnownFileType = sourcecode.swift; path = "UITextField+SearchBar.swift"; sourceTree = "<group>"; };
		06BD1C8E28CBD51900C948D6 /* SearchbarProtocol.swift */ = {isa = PBXFileReference; lastKnownFileType = sourcecode.swift; path = SearchbarProtocol.swift; sourceTree = "<group>"; };
		06C6D1F928BEA7F100B59681 /* NameCollectionDelegate.swift */ = {isa = PBXFileReference; lastKnownFileType = sourcecode.swift; path = NameCollectionDelegate.swift; sourceTree = "<group>"; };
		06C6D1FB28BEA89700B59681 /* NameCollectionDataSource.swift */ = {isa = PBXFileReference; lastKnownFileType = sourcecode.swift; path = NameCollectionDataSource.swift; sourceTree = "<group>"; };
		06EAB1E328C668F9005C2B71 /* MainTabBarController.swift */ = {isa = PBXFileReference; lastKnownFileType = sourcecode.swift; path = MainTabBarController.swift; sourceTree = "<group>"; };
/* End PBXFileReference section */

/* Begin PBXFrameworksBuildPhase section */
		0657895A28B5765B0025244C /* Frameworks */ = {
			isa = PBXFrameworksBuildPhase;
			buildActionMask = 2147483647;
			files = (
			);
			runOnlyForDeploymentPostprocessing = 0;
		};
/* End PBXFrameworksBuildPhase section */

/* Begin PBXGroup section */
		063B3FD628B95A5D0093DCCC /* Design Patterns */ = {
			isa = PBXGroup;
			children = (
				0681FA8128B6B1FA006C3E51 /* CustomViews.swift */,
			);
			path = "Design Patterns";
			sourceTree = "<group>";
		};
		063B3FD728B95A900093DCCC /* Model */ = {
			isa = PBXGroup;
			children = (
				0609FF8A28B8152E006B248A /* LabelInfo.swift */,
			);
			path = Model;
			sourceTree = "<group>";
		};
		063B3FD828B95A9D0093DCCC /* Extension */ = {
			isa = PBXGroup;
			children = (
				0609FF8828B81464006B248A /* UILabel+setupText.swift */,
				06BD1C8928CA670E00C948D6 /* UITextField+SearchBar.swift */,
			);
			path = Extension;
			sourceTree = "<group>";
		};
		063B3FD928B95AB70093DCCC /* Delegates */ = {
			isa = PBXGroup;
			children = (
				063B3FDA28B95AF60093DCCC /* System */,
			);
			name = Delegates;
			path = FirstPoc;
			sourceTree = "<group>";
		};
		063B3FDA28B95AF60093DCCC /* System */ = {
			isa = PBXGroup;
			children = (
				0657896028B5765B0025244C /* AppDelegate.swift */,
				0657896228B5765B0025244C /* SceneDelegate.swift */,
			);
			path = System;
			sourceTree = "<group>";
		};
		063B3FDB28B95B140093DCCC /* Cell */ = {
			isa = PBXGroup;
			children = (
				0681FA7E28B6A015006C3E51 /* ViewCell.swift */,
			);
			path = Cell;
			sourceTree = "<group>";
		};
		063B3FDC28B95B180093DCCC /* View */ = {
			isa = PBXGroup;
			children = (
				0681FA7C28B69F81006C3E51 /* View.swift */,
			);
			path = View;
			sourceTree = "<group>";
		};
		063B3FDD28B95B1D0093DCCC /* Controller */ = {
			isa = PBXGroup;
			children = (
				0657896428B5765B0025244C /* ViewController.swift */,
				0639175B28DF8DAB00C7C8DB /* OpenScreenController.swift */,
				06EAB1E328C668F9005C2B71 /* MainTabBarController.swift */,
			);
			path = Controller;
			sourceTree = "<group>";
		};
		0646066128BFF26600DA75AF /* Protocols */ = {
			isa = PBXGroup;
			children = (
				0646065F28BFF25300DA75AF /* ViewControllerProtocol.swift */,
			);
			name = Protocols;
			path = ..;
			sourceTree = "<group>";
		};
		0657895428B5765B0025244C = {
			isa = PBXGroup;
			children = (
				0681FA7928B69ADE006C3E51 /* Shared */,
				063B3FD628B95A5D0093DCCC /* Design Patterns */,
				063B3FD928B95AB70093DCCC /* Delegates */,
				063B3FD828B95A9D0093DCCC /* Extension */,
				063B3FD728B95A900093DCCC /* Model */,
				0657895F28B5765B0025244C /* FirstPoc */,
				0657895E28B5765B0025244C /* Products */,
			);
			sourceTree = "<group>";
		};
		0657895E28B5765B0025244C /* Products */ = {
			isa = PBXGroup;
			children = (
				0657895D28B5765B0025244C /* FirstPoc.app */,
			);
			name = Products;
			sourceTree = "<group>";
		};
		0657895F28B5765B0025244C /* FirstPoc */ = {
			isa = PBXGroup;
			children = (
				06BD1C8D28CBD4DC00C948D6 /* Protocols */,
				063B3FDD28B95B1D0093DCCC /* Controller */,
				063B3FDC28B95B180093DCCC /* View */,
				063B3FDB28B95B140093DCCC /* Cell */,
				06C6D1F828BEA7D000B59681 /* Delegates */,
				06C6D1FD28BEA89A00B59681 /* Data Source */,
				0646066128BFF26600DA75AF /* Protocols */,
				0657896E28B5765F0025244C /* LaunchScreen.storyboard */,
				0657897128B5765F0025244C /* Info.plist */,
				067713BB28E4E53500C3E732 /* thisScreen.swift */,
			);
			path = FirstPoc;
			sourceTree = "<group>";
		};
		0681FA7928B69ADE006C3E51 /* Shared */ = {
			isa = PBXGroup;
			children = (
				0681FA7A28B69B21006C3E51 /* Assets */,
				0681FA7B28B69B42006C3E51 /* Core Data */,
			);
			path = Shared;
			sourceTree = "<group>";
		};
		0681FA7A28B69B21006C3E51 /* Assets */ = {
			isa = PBXGroup;
			children = (
				0657896C28B5765F0025244C /* Assets.xcassets */,
			);
			path = Assets;
			sourceTree = "<group>";
		};
		0681FA7B28B69B42006C3E51 /* Core Data */ = {
			isa = PBXGroup;
			children = (
				0657896928B5765B0025244C /* FirstPoc.xcdatamodeld */,
			);
			path = "Core Data";
			sourceTree = "<group>";
		};
		06BD1C8D28CBD4DC00C948D6 /* Protocols */ = {
			isa = PBXGroup;
			children = (
				06BD1C8E28CBD51900C948D6 /* SearchbarProtocol.swift */,
			);
			path = Protocols;
			sourceTree = "<group>";
		};
		06C6D1F828BEA7D000B59681 /* Delegates */ = {
			isa = PBXGroup;
			children = (
				06C6D1F928BEA7F100B59681 /* NameCollectionDelegate.swift */,
			);
			path = Delegates;
			sourceTree = "<group>";
		};
		06C6D1FD28BEA89A00B59681 /* Data Source */ = {
			isa = PBXGroup;
			children = (
				06C6D1FB28BEA89700B59681 /* NameCollectionDataSource.swift */,
			);
			name = "Data Source";
			path = ..;
			sourceTree = "<group>";
		};
/* End PBXGroup section */

/* Begin PBXNativeTarget section */
		0657895C28B5765B0025244C /* FirstPoc */ = {
			isa = PBXNativeTarget;
			buildConfigurationList = 0657897428B5765F0025244C /* Build configuration list for PBXNativeTarget "FirstPoc" */;
			buildPhases = (
				0657895928B5765B0025244C /* Sources */,
				0657895A28B5765B0025244C /* Frameworks */,
				0657895B28B5765B0025244C /* Resources */,
			);
			buildRules = (
			);
			dependencies = (
			);
			name = FirstPoc;
			productName = FirstPoc;
			productReference = 0657895D28B5765B0025244C /* FirstPoc.app */;
			productType = "com.apple.product-type.application";
		};
/* End PBXNativeTarget section */

/* Begin PBXProject section */
		0657895528B5765B0025244C /* Project object */ = {
			isa = PBXProject;
			attributes = {
				BuildIndependentTargetsInParallel = 1;
				LastSwiftUpdateCheck = 1340;
				LastUpgradeCheck = 1340;
				TargetAttributes = {
					0657895C28B5765B0025244C = {
						CreatedOnToolsVersion = 13.4.1;
					};
				};
			};
			buildConfigurationList = 0657895828B5765B0025244C /* Build configuration list for PBXProject "FirstPoc" */;
			compatibilityVersion = "Xcode 13.0";
			developmentRegion = en;
			hasScannedForEncodings = 0;
			knownRegions = (
				en,
				Base,
			);
			mainGroup = 0657895428B5765B0025244C;
			productRefGroup = 0657895E28B5765B0025244C /* Products */;
			projectDirPath = "";
			projectRoot = "";
			targets = (
				0657895C28B5765B0025244C /* FirstPoc */,
			);
		};
/* End PBXProject section */

/* Begin PBXResourcesBuildPhase section */
		0657895B28B5765B0025244C /* Resources */ = {
			isa = PBXResourcesBuildPhase;
			buildActionMask = 2147483647;
			files = (
				0657897028B5765F0025244C /* LaunchScreen.storyboard in Resources */,
				0657896D28B5765F0025244C /* Assets.xcassets in Resources */,
			);
			runOnlyForDeploymentPostprocessing = 0;
		};
/* End PBXResourcesBuildPhase section */

/* Begin PBXSourcesBuildPhase section */
		0657895928B5765B0025244C /* Sources */ = {
			isa = PBXSourcesBuildPhase;
			buildActionMask = 2147483647;
			files = (
				0646066028BFF25300DA75AF /* ViewControllerProtocol.swift in Sources */,
				06C6D1FC28BEA89700B59681 /* NameCollectionDataSource.swift in Sources */,
				0609FF8B28B8152E006B248A /* LabelInfo.swift in Sources */,
				0681FA7F28B6A015006C3E51 /* ViewCell.swift in Sources */,
				0609FF8928B81464006B248A /* UILabel+setupText.swift in Sources */,
				0639175C28DF8DAB00C7C8DB /* OpenScreenController.swift in Sources */,
				0657896528B5765B0025244C /* ViewController.swift in Sources */,
				0681FA8228B6B1FA006C3E51 /* CustomViews.swift in Sources */,
				06EAB1E428C668F9005C2B71 /* MainTabBarController.swift in Sources */,
				06C6D1FA28BEA7F100B59681 /* NameCollectionDelegate.swift in Sources */,
<<<<<<< Updated upstream
				06BD1C8A28CA670E00C948D6 /* UITextField+SearchBar.swift in Sources */,
=======
				067713BC28E4E53500C3E732 /* thisScreen.swift in Sources */,
>>>>>>> Stashed changes
				0657896128B5765B0025244C /* AppDelegate.swift in Sources */,
				0681FA7D28B69F81006C3E51 /* View.swift in Sources */,
				0657896328B5765B0025244C /* SceneDelegate.swift in Sources */,
				06BD1C8F28CBD51A00C948D6 /* SearchbarProtocol.swift in Sources */,
				0657896B28B5765B0025244C /* FirstPoc.xcdatamodeld in Sources */,
			);
			runOnlyForDeploymentPostprocessing = 0;
		};
/* End PBXSourcesBuildPhase section */

/* Begin PBXVariantGroup section */
		0657896E28B5765F0025244C /* LaunchScreen.storyboard */ = {
			isa = PBXVariantGroup;
			children = (
				0657896F28B5765F0025244C /* Base */,
			);
			name = LaunchScreen.storyboard;
			sourceTree = "<group>";
		};
/* End PBXVariantGroup section */

/* Begin XCBuildConfiguration section */
		0657897228B5765F0025244C /* Debug */ = {
			isa = XCBuildConfiguration;
			buildSettings = {
				ALWAYS_SEARCH_USER_PATHS = NO;
				CLANG_ANALYZER_NONNULL = YES;
				CLANG_ANALYZER_NUMBER_OBJECT_CONVERSION = YES_AGGRESSIVE;
				CLANG_CXX_LANGUAGE_STANDARD = "gnu++17";
				CLANG_ENABLE_MODULES = YES;
				CLANG_ENABLE_OBJC_ARC = YES;
				CLANG_ENABLE_OBJC_WEAK = YES;
				CLANG_WARN_BLOCK_CAPTURE_AUTORELEASING = YES;
				CLANG_WARN_BOOL_CONVERSION = YES;
				CLANG_WARN_COMMA = YES;
				CLANG_WARN_CONSTANT_CONVERSION = YES;
				CLANG_WARN_DEPRECATED_OBJC_IMPLEMENTATIONS = YES;
				CLANG_WARN_DIRECT_OBJC_ISA_USAGE = YES_ERROR;
				CLANG_WARN_DOCUMENTATION_COMMENTS = YES;
				CLANG_WARN_EMPTY_BODY = YES;
				CLANG_WARN_ENUM_CONVERSION = YES;
				CLANG_WARN_INFINITE_RECURSION = YES;
				CLANG_WARN_INT_CONVERSION = YES;
				CLANG_WARN_NON_LITERAL_NULL_CONVERSION = YES;
				CLANG_WARN_OBJC_IMPLICIT_RETAIN_SELF = YES;
				CLANG_WARN_OBJC_LITERAL_CONVERSION = YES;
				CLANG_WARN_OBJC_ROOT_CLASS = YES_ERROR;
				CLANG_WARN_QUOTED_INCLUDE_IN_FRAMEWORK_HEADER = YES;
				CLANG_WARN_RANGE_LOOP_ANALYSIS = YES;
				CLANG_WARN_STRICT_PROTOTYPES = YES;
				CLANG_WARN_SUSPICIOUS_MOVE = YES;
				CLANG_WARN_UNGUARDED_AVAILABILITY = YES_AGGRESSIVE;
				CLANG_WARN_UNREACHABLE_CODE = YES;
				CLANG_WARN__DUPLICATE_METHOD_MATCH = YES;
				COPY_PHASE_STRIP = NO;
				DEBUG_INFORMATION_FORMAT = dwarf;
				ENABLE_STRICT_OBJC_MSGSEND = YES;
				ENABLE_TESTABILITY = YES;
				GCC_C_LANGUAGE_STANDARD = gnu11;
				GCC_DYNAMIC_NO_PIC = NO;
				GCC_NO_COMMON_BLOCKS = YES;
				GCC_OPTIMIZATION_LEVEL = 0;
				GCC_PREPROCESSOR_DEFINITIONS = (
					"DEBUG=1",
					"$(inherited)",
				);
				GCC_WARN_64_TO_32_BIT_CONVERSION = YES;
				GCC_WARN_ABOUT_RETURN_TYPE = YES_ERROR;
				GCC_WARN_UNDECLARED_SELECTOR = YES;
				GCC_WARN_UNINITIALIZED_AUTOS = YES_AGGRESSIVE;
				GCC_WARN_UNUSED_FUNCTION = YES;
				GCC_WARN_UNUSED_VARIABLE = YES;
				IPHONEOS_DEPLOYMENT_TARGET = 14.5;
				MTL_ENABLE_DEBUG_INFO = INCLUDE_SOURCE;
				MTL_FAST_MATH = YES;
				ONLY_ACTIVE_ARCH = YES;
				SDKROOT = iphoneos;
				SWIFT_ACTIVE_COMPILATION_CONDITIONS = DEBUG;
				SWIFT_OPTIMIZATION_LEVEL = "-Onone";
			};
			name = Debug;
		};
		0657897328B5765F0025244C /* Release */ = {
			isa = XCBuildConfiguration;
			buildSettings = {
				ALWAYS_SEARCH_USER_PATHS = NO;
				CLANG_ANALYZER_NONNULL = YES;
				CLANG_ANALYZER_NUMBER_OBJECT_CONVERSION = YES_AGGRESSIVE;
				CLANG_CXX_LANGUAGE_STANDARD = "gnu++17";
				CLANG_ENABLE_MODULES = YES;
				CLANG_ENABLE_OBJC_ARC = YES;
				CLANG_ENABLE_OBJC_WEAK = YES;
				CLANG_WARN_BLOCK_CAPTURE_AUTORELEASING = YES;
				CLANG_WARN_BOOL_CONVERSION = YES;
				CLANG_WARN_COMMA = YES;
				CLANG_WARN_CONSTANT_CONVERSION = YES;
				CLANG_WARN_DEPRECATED_OBJC_IMPLEMENTATIONS = YES;
				CLANG_WARN_DIRECT_OBJC_ISA_USAGE = YES_ERROR;
				CLANG_WARN_DOCUMENTATION_COMMENTS = YES;
				CLANG_WARN_EMPTY_BODY = YES;
				CLANG_WARN_ENUM_CONVERSION = YES;
				CLANG_WARN_INFINITE_RECURSION = YES;
				CLANG_WARN_INT_CONVERSION = YES;
				CLANG_WARN_NON_LITERAL_NULL_CONVERSION = YES;
				CLANG_WARN_OBJC_IMPLICIT_RETAIN_SELF = YES;
				CLANG_WARN_OBJC_LITERAL_CONVERSION = YES;
				CLANG_WARN_OBJC_ROOT_CLASS = YES_ERROR;
				CLANG_WARN_QUOTED_INCLUDE_IN_FRAMEWORK_HEADER = YES;
				CLANG_WARN_RANGE_LOOP_ANALYSIS = YES;
				CLANG_WARN_STRICT_PROTOTYPES = YES;
				CLANG_WARN_SUSPICIOUS_MOVE = YES;
				CLANG_WARN_UNGUARDED_AVAILABILITY = YES_AGGRESSIVE;
				CLANG_WARN_UNREACHABLE_CODE = YES;
				CLANG_WARN__DUPLICATE_METHOD_MATCH = YES;
				COPY_PHASE_STRIP = NO;
				DEBUG_INFORMATION_FORMAT = "dwarf-with-dsym";
				ENABLE_NS_ASSERTIONS = NO;
				ENABLE_STRICT_OBJC_MSGSEND = YES;
				GCC_C_LANGUAGE_STANDARD = gnu11;
				GCC_NO_COMMON_BLOCKS = YES;
				GCC_WARN_64_TO_32_BIT_CONVERSION = YES;
				GCC_WARN_ABOUT_RETURN_TYPE = YES_ERROR;
				GCC_WARN_UNDECLARED_SELECTOR = YES;
				GCC_WARN_UNINITIALIZED_AUTOS = YES_AGGRESSIVE;
				GCC_WARN_UNUSED_FUNCTION = YES;
				GCC_WARN_UNUSED_VARIABLE = YES;
				IPHONEOS_DEPLOYMENT_TARGET = 14.5;
				MTL_ENABLE_DEBUG_INFO = NO;
				MTL_FAST_MATH = YES;
				SDKROOT = iphoneos;
				SWIFT_COMPILATION_MODE = wholemodule;
				SWIFT_OPTIMIZATION_LEVEL = "-O";
				VALIDATE_PRODUCT = YES;
			};
			name = Release;
		};
		0657897528B5765F0025244C /* Debug */ = {
			isa = XCBuildConfiguration;
			buildSettings = {
				ASSETCATALOG_COMPILER_APPICON_NAME = AppIcon;
				ASSETCATALOG_COMPILER_GLOBAL_ACCENT_COLOR_NAME = AccentColor;
				CODE_SIGN_STYLE = Automatic;
				CURRENT_PROJECT_VERSION = 1;
				DEVELOPMENT_TEAM = UZ6JTAUWH8;
				GENERATE_INFOPLIST_FILE = YES;
				INFOPLIST_FILE = FirstPoc/Info.plist;
				INFOPLIST_KEY_UIApplicationSupportsIndirectInputEvents = YES;
				INFOPLIST_KEY_UILaunchStoryboardName = LaunchScreen;
				INFOPLIST_KEY_UISupportedInterfaceOrientations_iPad = "UIInterfaceOrientationPortrait UIInterfaceOrientationPortraitUpsideDown";
				INFOPLIST_KEY_UISupportedInterfaceOrientations_iPhone = UIInterfaceOrientationPortrait;
				LD_RUNPATH_SEARCH_PATHS = (
					"$(inherited)",
					"@executable_path/Frameworks",
				);
				MARKETING_VERSION = 1.0;
				PRODUCT_BUNDLE_IDENTIFIER = com.thallis.FirstPoc;
				PRODUCT_NAME = "$(TARGET_NAME)";
				SWIFT_EMIT_LOC_STRINGS = YES;
				SWIFT_VERSION = 5.0;
				TARGETED_DEVICE_FAMILY = 1;
			};
			name = Debug;
		};
		0657897628B5765F0025244C /* Release */ = {
			isa = XCBuildConfiguration;
			buildSettings = {
				ASSETCATALOG_COMPILER_APPICON_NAME = AppIcon;
				ASSETCATALOG_COMPILER_GLOBAL_ACCENT_COLOR_NAME = AccentColor;
				CODE_SIGN_STYLE = Automatic;
				CURRENT_PROJECT_VERSION = 1;
				DEVELOPMENT_TEAM = UZ6JTAUWH8;
				GENERATE_INFOPLIST_FILE = YES;
				INFOPLIST_FILE = FirstPoc/Info.plist;
				INFOPLIST_KEY_UIApplicationSupportsIndirectInputEvents = YES;
				INFOPLIST_KEY_UILaunchStoryboardName = LaunchScreen;
				INFOPLIST_KEY_UISupportedInterfaceOrientations_iPad = "UIInterfaceOrientationPortrait UIInterfaceOrientationPortraitUpsideDown";
				INFOPLIST_KEY_UISupportedInterfaceOrientations_iPhone = UIInterfaceOrientationPortrait;
				LD_RUNPATH_SEARCH_PATHS = (
					"$(inherited)",
					"@executable_path/Frameworks",
				);
				MARKETING_VERSION = 1.0;
				PRODUCT_BUNDLE_IDENTIFIER = com.thallis.FirstPoc;
				PRODUCT_NAME = "$(TARGET_NAME)";
				SWIFT_EMIT_LOC_STRINGS = YES;
				SWIFT_VERSION = 5.0;
				TARGETED_DEVICE_FAMILY = 1;
			};
			name = Release;
		};
/* End XCBuildConfiguration section */

/* Begin XCConfigurationList section */
		0657895828B5765B0025244C /* Build configuration list for PBXProject "FirstPoc" */ = {
			isa = XCConfigurationList;
			buildConfigurations = (
				0657897228B5765F0025244C /* Debug */,
				0657897328B5765F0025244C /* Release */,
			);
			defaultConfigurationIsVisible = 0;
			defaultConfigurationName = Release;
		};
		0657897428B5765F0025244C /* Build configuration list for PBXNativeTarget "FirstPoc" */ = {
			isa = XCConfigurationList;
			buildConfigurations = (
				0657897528B5765F0025244C /* Debug */,
				0657897628B5765F0025244C /* Release */,
			);
			defaultConfigurationIsVisible = 0;
			defaultConfigurationName = Release;
		};
/* End XCConfigurationList section */

/* Begin XCVersionGroup section */
		0657896928B5765B0025244C /* FirstPoc.xcdatamodeld */ = {
			isa = XCVersionGroup;
			children = (
				0657896A28B5765B0025244C /* FirstPoc.xcdatamodel */,
			);
			currentVersion = 0657896A28B5765B0025244C /* FirstPoc.xcdatamodel */;
			path = FirstPoc.xcdatamodeld;
			sourceTree = "<group>";
			versionGroupType = wrapper.xcdatamodel;
		};
/* End XCVersionGroup section */
	};
	rootObject = 0657895528B5765B0025244C /* Project object */;
}
