// !$*UTF8*$!
{
	archiveVersion = 1;
	classes = {
	};
	objectVersion = 55;
	objects = {

/* Begin PBXBuildFile section */
		B2E7C85028C7B676002661D5 /* AppDelegate.swift in Sources */ = {isa = PBXBuildFile; fileRef = B2E7C84F28C7B676002661D5 /* AppDelegate.swift */; };
		B2E7C85228C7B676002661D5 /* SceneDelegate.swift in Sources */ = {isa = PBXBuildFile; fileRef = B2E7C85128C7B676002661D5 /* SceneDelegate.swift */; };
		B2E7C85428C7B676002661D5 /* SegmentedViewController.swift in Sources */ = {isa = PBXBuildFile; fileRef = B2E7C85328C7B676002661D5 /* SegmentedViewController.swift */; };
		B2E7C85A28C7B676002661D5 /* POCSegmented.xcdatamodeld in Sources */ = {isa = PBXBuildFile; fileRef = B2E7C85828C7B676002661D5 /* POCSegmented.xcdatamodeld */; };
		B2E7C85C28C7B678002661D5 /* Assets.xcassets in Resources */ = {isa = PBXBuildFile; fileRef = B2E7C85B28C7B678002661D5 /* Assets.xcassets */; };
		B2E7C85F28C7B678002661D5 /* LaunchScreen.storyboard in Resources */ = {isa = PBXBuildFile; fileRef = B2E7C85D28C7B678002661D5 /* LaunchScreen.storyboard */; };
		B2E7C86828C7B9D4002661D5 /* SegmentedView.swift in Sources */ = {isa = PBXBuildFile; fileRef = B2E7C86728C7B9D4002661D5 /* SegmentedView.swift */; };
		B2E7C86A28C7BCD4002661D5 /* CustomViews.swift in Sources */ = {isa = PBXBuildFile; fileRef = B2E7C86928C7BCD4002661D5 /* CustomViews.swift */; };
		B2E7C87728C7C558002661D5 /* LabelInfo.swift in Sources */ = {isa = PBXBuildFile; fileRef = B2E7C87328C7C558002661D5 /* LabelInfo.swift */; };
		B2E7C87828C7C558002661D5 /* UILabel+setupText.swift in Sources */ = {isa = PBXBuildFile; fileRef = B2E7C87428C7C558002661D5 /* UILabel+setupText.swift */; };
		B2E7C87928C7C558002661D5 /* POCSegmented.xcdatamodeld in Sources */ = {isa = PBXBuildFile; fileRef = B2E7C87528C7C558002661D5 /* POCSegmented.xcdatamodeld */; };
		B2E7C87B28C7E014002661D5 /* PocSegmentedCell.swift in Sources */ = {isa = PBXBuildFile; fileRef = B2E7C87A28C7E014002661D5 /* PocSegmentedCell.swift */; };
		B2E7C87D28C7E229002661D5 /* ViewControllerProtocol.swift in Sources */ = {isa = PBXBuildFile; fileRef = B2E7C87C28C7E229002661D5 /* ViewControllerProtocol.swift */; };
		B2E7C87F28C7E259002661D5 /* TestCollectionDataSource.swift in Sources */ = {isa = PBXBuildFile; fileRef = B2E7C87E28C7E259002661D5 /* TestCollectionDataSource.swift */; };
		B2E7C88128C7E266002661D5 /* TestCollectionDelegate.swift in Sources */ = {isa = PBXBuildFile; fileRef = B2E7C88028C7E266002661D5 /* TestCollectionDelegate.swift */; };
/* End PBXBuildFile section */

/* Begin PBXFileReference section */
		B2E7C84C28C7B676002661D5 /* POCSegmented.app */ = {isa = PBXFileReference; explicitFileType = wrapper.application; includeInIndex = 0; path = POCSegmented.app; sourceTree = BUILT_PRODUCTS_DIR; };
		B2E7C84F28C7B676002661D5 /* AppDelegate.swift */ = {isa = PBXFileReference; lastKnownFileType = sourcecode.swift; path = AppDelegate.swift; sourceTree = "<group>"; };
		B2E7C85128C7B676002661D5 /* SceneDelegate.swift */ = {isa = PBXFileReference; lastKnownFileType = sourcecode.swift; path = SceneDelegate.swift; sourceTree = "<group>"; };
		B2E7C85328C7B676002661D5 /* SegmentedViewController.swift */ = {isa = PBXFileReference; lastKnownFileType = sourcecode.swift; path = SegmentedViewController.swift; sourceTree = "<group>"; };
		B2E7C85928C7B676002661D5 /* POCSegmented.xcdatamodel */ = {isa = PBXFileReference; lastKnownFileType = wrapper.xcdatamodel; path = POCSegmented.xcdatamodel; sourceTree = "<group>"; };
		B2E7C85B28C7B678002661D5 /* Assets.xcassets */ = {isa = PBXFileReference; lastKnownFileType = folder.assetcatalog; path = Assets.xcassets; sourceTree = "<group>"; };
		B2E7C85E28C7B678002661D5 /* Base */ = {isa = PBXFileReference; lastKnownFileType = file.storyboard; name = Base; path = Base.lproj/LaunchScreen.storyboard; sourceTree = "<group>"; };
		B2E7C86028C7B678002661D5 /* Info.plist */ = {isa = PBXFileReference; lastKnownFileType = text.plist.xml; path = Info.plist; sourceTree = "<group>"; };
		B2E7C86728C7B9D4002661D5 /* SegmentedView.swift */ = {isa = PBXFileReference; lastKnownFileType = sourcecode.swift; path = SegmentedView.swift; sourceTree = "<group>"; };
		B2E7C86928C7BCD4002661D5 /* CustomViews.swift */ = {isa = PBXFileReference; lastKnownFileType = sourcecode.swift; path = CustomViews.swift; sourceTree = "<group>"; };
		B2E7C87328C7C558002661D5 /* LabelInfo.swift */ = {isa = PBXFileReference; fileEncoding = 4; lastKnownFileType = sourcecode.swift; path = LabelInfo.swift; sourceTree = "<group>"; };
		B2E7C87428C7C558002661D5 /* UILabel+setupText.swift */ = {isa = PBXFileReference; fileEncoding = 4; lastKnownFileType = sourcecode.swift; path = "UILabel+setupText.swift"; sourceTree = "<group>"; };
		B2E7C87628C7C558002661D5 /* POCSegmented.xcdatamodel */ = {isa = PBXFileReference; lastKnownFileType = wrapper.xcdatamodel; path = POCSegmented.xcdatamodel; sourceTree = "<group>"; };
		B2E7C87A28C7E014002661D5 /* PocSegmentedCell.swift */ = {isa = PBXFileReference; lastKnownFileType = sourcecode.swift; path = PocSegmentedCell.swift; sourceTree = "<group>"; };
		B2E7C87C28C7E229002661D5 /* ViewControllerProtocol.swift */ = {isa = PBXFileReference; lastKnownFileType = sourcecode.swift; path = ViewControllerProtocol.swift; sourceTree = "<group>"; };
		B2E7C87E28C7E259002661D5 /* TestCollectionDataSource.swift */ = {isa = PBXFileReference; lastKnownFileType = sourcecode.swift; path = TestCollectionDataSource.swift; sourceTree = "<group>"; };
		B2E7C88028C7E266002661D5 /* TestCollectionDelegate.swift */ = {isa = PBXFileReference; lastKnownFileType = sourcecode.swift; path = TestCollectionDelegate.swift; sourceTree = "<group>"; };
/* End PBXFileReference section */

/* Begin PBXFrameworksBuildPhase section */
		B2E7C84928C7B676002661D5 /* Frameworks */ = {
			isa = PBXFrameworksBuildPhase;
			buildActionMask = 2147483647;
			files = (
			);
			runOnlyForDeploymentPostprocessing = 0;
		};
/* End PBXFrameworksBuildPhase section */

/* Begin PBXGroup section */
		B2E7C84328C7B676002661D5 = {
			isa = PBXGroup;
			children = (
				B2E7C87528C7C558002661D5 /* POCSegmented.xcdatamodeld */,
				B2E7C84E28C7B676002661D5 /* POCSegmented */,
				B2E7C84D28C7B676002661D5 /* Products */,
			);
			sourceTree = "<group>";
		};
		B2E7C84D28C7B676002661D5 /* Products */ = {
			isa = PBXGroup;
			children = (
				B2E7C84C28C7B676002661D5 /* POCSegmented.app */,
			);
			name = Products;
			sourceTree = "<group>";
		};
		B2E7C84E28C7B676002661D5 /* POCSegmented */ = {
			isa = PBXGroup;
			children = (
				B2E7C84F28C7B676002661D5 /* AppDelegate.swift */,
				B2E7C85128C7B676002661D5 /* SceneDelegate.swift */,
				B2E7C85328C7B676002661D5 /* SegmentedViewController.swift */,
				B2E7C86728C7B9D4002661D5 /* SegmentedView.swift */,
				B2E7C86928C7BCD4002661D5 /* CustomViews.swift */,
				B2E7C85B28C7B678002661D5 /* Assets.xcassets */,
				B2E7C87328C7C558002661D5 /* LabelInfo.swift */,
				B2E7C87428C7C558002661D5 /* UILabel+setupText.swift */,
				B2E7C85D28C7B678002661D5 /* LaunchScreen.storyboard */,
				B2E7C86028C7B678002661D5 /* Info.plist */,
				B2E7C85828C7B676002661D5 /* POCSegmented.xcdatamodeld */,
				B2E7C87A28C7E014002661D5 /* PocSegmentedCell.swift */,
				B2E7C87C28C7E229002661D5 /* ViewControllerProtocol.swift */,
				B2E7C87E28C7E259002661D5 /* TestCollectionDataSource.swift */,
				B2E7C88028C7E266002661D5 /* TestCollectionDelegate.swift */,
			);
			path = POCSegmented;
			sourceTree = "<group>";
		};
/* End PBXGroup section */

/* Begin PBXNativeTarget section */
		B2E7C84B28C7B676002661D5 /* POCSegmented */ = {
			isa = PBXNativeTarget;
			buildConfigurationList = B2E7C86328C7B678002661D5 /* Build configuration list for PBXNativeTarget "POCSegmented" */;
			buildPhases = (
				B2E7C84828C7B676002661D5 /* Sources */,
				B2E7C84928C7B676002661D5 /* Frameworks */,
				B2E7C84A28C7B676002661D5 /* Resources */,
				B2E7C86628C7B806002661D5 /* Run SwiftLint */,
			);
			buildRules = (
			);
			dependencies = (
			);
			name = POCSegmented;
			productName = POCSegmented;
			productReference = B2E7C84C28C7B676002661D5 /* POCSegmented.app */;
			productType = "com.apple.product-type.application";
		};
/* End PBXNativeTarget section */

/* Begin PBXProject section */
		B2E7C84428C7B676002661D5 /* Project object */ = {
			isa = PBXProject;
			attributes = {
				BuildIndependentTargetsInParallel = 1;
				LastSwiftUpdateCheck = 1340;
				LastUpgradeCheck = 1340;
				TargetAttributes = {
					B2E7C84B28C7B676002661D5 = {
						CreatedOnToolsVersion = 13.4.1;
					};
				};
			};
			buildConfigurationList = B2E7C84728C7B676002661D5 /* Build configuration list for PBXProject "POCSegmented" */;
			compatibilityVersion = "Xcode 13.0";
			developmentRegion = en;
			hasScannedForEncodings = 0;
			knownRegions = (
				en,
				Base,
			);
			mainGroup = B2E7C84328C7B676002661D5;
			productRefGroup = B2E7C84D28C7B676002661D5 /* Products */;
			projectDirPath = "";
			projectRoot = "";
			targets = (
				B2E7C84B28C7B676002661D5 /* POCSegmented */,
			);
		};
/* End PBXProject section */

/* Begin PBXResourcesBuildPhase section */
		B2E7C84A28C7B676002661D5 /* Resources */ = {
			isa = PBXResourcesBuildPhase;
			buildActionMask = 2147483647;
			files = (
				B2E7C85F28C7B678002661D5 /* LaunchScreen.storyboard in Resources */,
				B2E7C85C28C7B678002661D5 /* Assets.xcassets in Resources */,
			);
			runOnlyForDeploymentPostprocessing = 0;
		};
/* End PBXResourcesBuildPhase section */

/* Begin PBXShellScriptBuildPhase section */
		B2E7C86628C7B806002661D5 /* Run SwiftLint */ = {
			isa = PBXShellScriptBuildPhase;
			buildActionMask = 2147483647;
			files = (
			);
			inputFileListPaths = (
			);
			inputPaths = (
			);
			name = "Run SwiftLint";
			outputFileListPaths = (
			);
			outputPaths = (
			);
			runOnlyForDeploymentPostprocessing = 0;
			shellPath = /bin/sh;
			shellScript = "# Type a script or drag a script file from your workspace to insert its path.\nif which swiftlint > /dev/null; then\n  swiftlint\nelse\n  echo \"warning: SwiftLint not installed, download from https://github.com/realm/SwiftLint\"\nfi\n";
		};
/* End PBXShellScriptBuildPhase section */

/* Begin PBXSourcesBuildPhase section */
		B2E7C84828C7B676002661D5 /* Sources */ = {
			isa = PBXSourcesBuildPhase;
			buildActionMask = 2147483647;
			files = (
				B2E7C85428C7B676002661D5 /* SegmentedViewController.swift in Sources */,
				B2E7C86828C7B9D4002661D5 /* SegmentedView.swift in Sources */,
				B2E7C87D28C7E229002661D5 /* ViewControllerProtocol.swift in Sources */,
				B2E7C87928C7C558002661D5 /* POCSegmented.xcdatamodeld in Sources */,
				B2E7C85028C7B676002661D5 /* AppDelegate.swift in Sources */,
				B2E7C86A28C7BCD4002661D5 /* CustomViews.swift in Sources */,
				B2E7C85228C7B676002661D5 /* SceneDelegate.swift in Sources */,
				B2E7C85A28C7B676002661D5 /* POCSegmented.xcdatamodeld in Sources */,
				B2E7C87F28C7E259002661D5 /* TestCollectionDataSource.swift in Sources */,
				B2E7C88128C7E266002661D5 /* TestCollectionDelegate.swift in Sources */,
				B2E7C87828C7C558002661D5 /* UILabel+setupText.swift in Sources */,
				B2E7C87728C7C558002661D5 /* LabelInfo.swift in Sources */,
				B2E7C87B28C7E014002661D5 /* PocSegmentedCell.swift in Sources */,
			);
			runOnlyForDeploymentPostprocessing = 0;
		};
/* End PBXSourcesBuildPhase section */

/* Begin PBXVariantGroup section */
		B2E7C85D28C7B678002661D5 /* LaunchScreen.storyboard */ = {
			isa = PBXVariantGroup;
			children = (
				B2E7C85E28C7B678002661D5 /* Base */,
			);
			name = LaunchScreen.storyboard;
			sourceTree = "<group>";
		};
/* End PBXVariantGroup section */

/* Begin XCBuildConfiguration section */
		B2E7C86128C7B678002661D5 /* Debug */ = {
			isa = XCBuildConfiguration;
			buildSettings = {
				ALWAYS_SEARCH_USER_PATHS = NO;
				CLANG_ANALYZER_NONNULL = YES;
				CLANG_ANALYZER_NUMBER_OBJECT_CONVERSION = YES_AGGRESSIVE;
				CLANG_CXX_LANGUAGE_STANDARD = "gnu++17";
				CLANG_ENABLE_MODULES = YES;
				CLANG_ENABLE_OBJC_ARC = YES;
				CLANG_ENABLE_OBJC_WEAK = YES;
				CLANG_WARN_BLOCK_CAPTURE_AUTORELEASING = YES;
				CLANG_WARN_BOOL_CONVERSION = YES;
				CLANG_WARN_COMMA = YES;
				CLANG_WARN_CONSTANT_CONVERSION = YES;
				CLANG_WARN_DEPRECATED_OBJC_IMPLEMENTATIONS = YES;
				CLANG_WARN_DIRECT_OBJC_ISA_USAGE = YES_ERROR;
				CLANG_WARN_DOCUMENTATION_COMMENTS = YES;
				CLANG_WARN_EMPTY_BODY = YES;
				CLANG_WARN_ENUM_CONVERSION = YES;
				CLANG_WARN_INFINITE_RECURSION = YES;
				CLANG_WARN_INT_CONVERSION = YES;
				CLANG_WARN_NON_LITERAL_NULL_CONVERSION = YES;
				CLANG_WARN_OBJC_IMPLICIT_RETAIN_SELF = YES;
				CLANG_WARN_OBJC_LITERAL_CONVERSION = YES;
				CLANG_WARN_OBJC_ROOT_CLASS = YES_ERROR;
				CLANG_WARN_QUOTED_INCLUDE_IN_FRAMEWORK_HEADER = YES;
				CLANG_WARN_RANGE_LOOP_ANALYSIS = YES;
				CLANG_WARN_STRICT_PROTOTYPES = YES;
				CLANG_WARN_SUSPICIOUS_MOVE = YES;
				CLANG_WARN_UNGUARDED_AVAILABILITY = YES_AGGRESSIVE;
				CLANG_WARN_UNREACHABLE_CODE = YES;
				CLANG_WARN__DUPLICATE_METHOD_MATCH = YES;
				COPY_PHASE_STRIP = NO;
				DEBUG_INFORMATION_FORMAT = dwarf;
				ENABLE_STRICT_OBJC_MSGSEND = YES;
				ENABLE_TESTABILITY = YES;
				GCC_C_LANGUAGE_STANDARD = gnu11;
				GCC_DYNAMIC_NO_PIC = NO;
				GCC_NO_COMMON_BLOCKS = YES;
				GCC_OPTIMIZATION_LEVEL = 0;
				GCC_PREPROCESSOR_DEFINITIONS = (
					"DEBUG=1",
					"$(inherited)",
				);
				GCC_WARN_64_TO_32_BIT_CONVERSION = YES;
				GCC_WARN_ABOUT_RETURN_TYPE = YES_ERROR;
				GCC_WARN_UNDECLARED_SELECTOR = YES;
				GCC_WARN_UNINITIALIZED_AUTOS = YES_AGGRESSIVE;
				GCC_WARN_UNUSED_FUNCTION = YES;
				GCC_WARN_UNUSED_VARIABLE = YES;
				IPHONEOS_DEPLOYMENT_TARGET = 15.5;
				MTL_ENABLE_DEBUG_INFO = INCLUDE_SOURCE;
				MTL_FAST_MATH = YES;
				ONLY_ACTIVE_ARCH = YES;
				SDKROOT = iphoneos;
				SWIFT_ACTIVE_COMPILATION_CONDITIONS = DEBUG;
				SWIFT_OPTIMIZATION_LEVEL = "-Onone";
			};
			name = Debug;
		};
		B2E7C86228C7B678002661D5 /* Release */ = {
			isa = XCBuildConfiguration;
			buildSettings = {
				ALWAYS_SEARCH_USER_PATHS = NO;
				CLANG_ANALYZER_NONNULL = YES;
				CLANG_ANALYZER_NUMBER_OBJECT_CONVERSION = YES_AGGRESSIVE;
				CLANG_CXX_LANGUAGE_STANDARD = "gnu++17";
				CLANG_ENABLE_MODULES = YES;
				CLANG_ENABLE_OBJC_ARC = YES;
				CLANG_ENABLE_OBJC_WEAK = YES;
				CLANG_WARN_BLOCK_CAPTURE_AUTORELEASING = YES;
				CLANG_WARN_BOOL_CONVERSION = YES;
				CLANG_WARN_COMMA = YES;
				CLANG_WARN_CONSTANT_CONVERSION = YES;
				CLANG_WARN_DEPRECATED_OBJC_IMPLEMENTATIONS = YES;
				CLANG_WARN_DIRECT_OBJC_ISA_USAGE = YES_ERROR;
				CLANG_WARN_DOCUMENTATION_COMMENTS = YES;
				CLANG_WARN_EMPTY_BODY = YES;
				CLANG_WARN_ENUM_CONVERSION = YES;
				CLANG_WARN_INFINITE_RECURSION = YES;
				CLANG_WARN_INT_CONVERSION = YES;
				CLANG_WARN_NON_LITERAL_NULL_CONVERSION = YES;
				CLANG_WARN_OBJC_IMPLICIT_RETAIN_SELF = YES;
				CLANG_WARN_OBJC_LITERAL_CONVERSION = YES;
				CLANG_WARN_OBJC_ROOT_CLASS = YES_ERROR;
				CLANG_WARN_QUOTED_INCLUDE_IN_FRAMEWORK_HEADER = YES;
				CLANG_WARN_RANGE_LOOP_ANALYSIS = YES;
				CLANG_WARN_STRICT_PROTOTYPES = YES;
				CLANG_WARN_SUSPICIOUS_MOVE = YES;
				CLANG_WARN_UNGUARDED_AVAILABILITY = YES_AGGRESSIVE;
				CLANG_WARN_UNREACHABLE_CODE = YES;
				CLANG_WARN__DUPLICATE_METHOD_MATCH = YES;
				COPY_PHASE_STRIP = NO;
				DEBUG_INFORMATION_FORMAT = "dwarf-with-dsym";
				ENABLE_NS_ASSERTIONS = NO;
				ENABLE_STRICT_OBJC_MSGSEND = YES;
				GCC_C_LANGUAGE_STANDARD = gnu11;
				GCC_NO_COMMON_BLOCKS = YES;
				GCC_WARN_64_TO_32_BIT_CONVERSION = YES;
				GCC_WARN_ABOUT_RETURN_TYPE = YES_ERROR;
				GCC_WARN_UNDECLARED_SELECTOR = YES;
				GCC_WARN_UNINITIALIZED_AUTOS = YES_AGGRESSIVE;
				GCC_WARN_UNUSED_FUNCTION = YES;
				GCC_WARN_UNUSED_VARIABLE = YES;
				IPHONEOS_DEPLOYMENT_TARGET = 15.5;
				MTL_ENABLE_DEBUG_INFO = NO;
				MTL_FAST_MATH = YES;
				SDKROOT = iphoneos;
				SWIFT_COMPILATION_MODE = wholemodule;
				SWIFT_OPTIMIZATION_LEVEL = "-O";
				VALIDATE_PRODUCT = YES;
			};
			name = Release;
		};
		B2E7C86428C7B678002661D5 /* Debug */ = {
			isa = XCBuildConfiguration;
			buildSettings = {
				ASSETCATALOG_COMPILER_APPICON_NAME = AppIcon;
				ASSETCATALOG_COMPILER_GLOBAL_ACCENT_COLOR_NAME = AccentColor;
				CODE_SIGN_STYLE = Automatic;
				CURRENT_PROJECT_VERSION = 1;
				GENERATE_INFOPLIST_FILE = YES;
				INFOPLIST_FILE = POCSegmented/Info.plist;
				INFOPLIST_KEY_UIApplicationSupportsIndirectInputEvents = YES;
				INFOPLIST_KEY_UILaunchStoryboardName = LaunchScreen;
				INFOPLIST_KEY_UISupportedInterfaceOrientations_iPad = "UIInterfaceOrientationPortrait UIInterfaceOrientationPortraitUpsideDown UIInterfaceOrientationLandscapeLeft UIInterfaceOrientationLandscapeRight";
				INFOPLIST_KEY_UISupportedInterfaceOrientations_iPhone = "UIInterfaceOrientationPortrait UIInterfaceOrientationLandscapeLeft UIInterfaceOrientationLandscapeRight";
				LD_RUNPATH_SEARCH_PATHS = (
					"$(inherited)",
					"@executable_path/Frameworks",
				);
				MARKETING_VERSION = 1.0;
				PRODUCT_BUNDLE_IDENTIFIER = com.GabrielBatista.POCSegmented;
				PRODUCT_NAME = "$(TARGET_NAME)";
				SWIFT_EMIT_LOC_STRINGS = YES;
				SWIFT_VERSION = 5.0;
				TARGETED_DEVICE_FAMILY = 1;
			};
			name = Debug;
		};
		B2E7C86528C7B678002661D5 /* Release */ = {
			isa = XCBuildConfiguration;
			buildSettings = {
				ASSETCATALOG_COMPILER_APPICON_NAME = AppIcon;
				ASSETCATALOG_COMPILER_GLOBAL_ACCENT_COLOR_NAME = AccentColor;
				CODE_SIGN_STYLE = Automatic;
				CURRENT_PROJECT_VERSION = 1;
				GENERATE_INFOPLIST_FILE = YES;
				INFOPLIST_FILE = POCSegmented/Info.plist;
				INFOPLIST_KEY_UIApplicationSupportsIndirectInputEvents = YES;
				INFOPLIST_KEY_UILaunchStoryboardName = LaunchScreen;
				INFOPLIST_KEY_UISupportedInterfaceOrientations_iPad = "UIInterfaceOrientationPortrait UIInterfaceOrientationPortraitUpsideDown UIInterfaceOrientationLandscapeLeft UIInterfaceOrientationLandscapeRight";
				INFOPLIST_KEY_UISupportedInterfaceOrientations_iPhone = "UIInterfaceOrientationPortrait UIInterfaceOrientationLandscapeLeft UIInterfaceOrientationLandscapeRight";
				LD_RUNPATH_SEARCH_PATHS = (
					"$(inherited)",
					"@executable_path/Frameworks",
				);
				MARKETING_VERSION = 1.0;
				PRODUCT_BUNDLE_IDENTIFIER = com.GabrielBatista.POCSegmented;
				PRODUCT_NAME = "$(TARGET_NAME)";
				SWIFT_EMIT_LOC_STRINGS = YES;
				SWIFT_VERSION = 5.0;
				TARGETED_DEVICE_FAMILY = 1;
			};
			name = Release;
		};
/* End XCBuildConfiguration section */

/* Begin XCConfigurationList section */
		B2E7C84728C7B676002661D5 /* Build configuration list for PBXProject "POCSegmented" */ = {
			isa = XCConfigurationList;
			buildConfigurations = (
				B2E7C86128C7B678002661D5 /* Debug */,
				B2E7C86228C7B678002661D5 /* Release */,
			);
			defaultConfigurationIsVisible = 0;
			defaultConfigurationName = Release;
		};
		B2E7C86328C7B678002661D5 /* Build configuration list for PBXNativeTarget "POCSegmented" */ = {
			isa = XCConfigurationList;
			buildConfigurations = (
				B2E7C86428C7B678002661D5 /* Debug */,
				B2E7C86528C7B678002661D5 /* Release */,
			);
			defaultConfigurationIsVisible = 0;
			defaultConfigurationName = Release;
		};
/* End XCConfigurationList section */

/* Begin XCVersionGroup section */
		B2E7C85828C7B676002661D5 /* POCSegmented.xcdatamodeld */ = {
			isa = XCVersionGroup;
			children = (
				B2E7C85928C7B676002661D5 /* POCSegmented.xcdatamodel */,
			);
			currentVersion = B2E7C85928C7B676002661D5 /* POCSegmented.xcdatamodel */;
			path = POCSegmented.xcdatamodeld;
			sourceTree = "<group>";
			versionGroupType = wrapper.xcdatamodel;
		};
		B2E7C87528C7C558002661D5 /* POCSegmented.xcdatamodeld */ = {
			isa = XCVersionGroup;
			children = (
				B2E7C87628C7C558002661D5 /* POCSegmented.xcdatamodel */,
			);
			currentVersion = B2E7C87628C7C558002661D5 /* POCSegmented.xcdatamodel */;
			name = POCSegmented.xcdatamodeld;
			path = POCSegmented/POCSegmented.xcdatamodeld;
			sourceTree = "<group>";
			versionGroupType = wrapper.xcdatamodel;
		};
/* End XCVersionGroup section */
	};
	rootObject = B2E7C84428C7B676002661D5 /* Project object */;
}
